version: 0
block:
  attributes:
    account_id:
      type: string
      description_kind: plain
      optional: true
      computed: true
    block_public_acls:
      type: bool
      description_kind: plain
      optional: true
    block_public_policy:
      type: bool
      description_kind: plain
      optional: true
    id:
      type: string
      description_kind: plain
      optional: true
      computed: true
    ignore_public_acls:
      type: bool
      description_kind: plain
      optional: true
    restrict_public_buckets:
      type: bool
      description_kind: plain
      optional: true
  description_kind: plain
